// !$*UTF8*$!
{
	archiveVersion = 1;
	classes = {
	};
	objectVersion = 56;
	objects = {

/* Begin PBXBuildFile section */
		1B0000010000000000000001 /* App/AscendApp.swift in Sources */ = {isa = PBXBuildFile; fileRef = 1B0000010000000000000101 /* App/AscendApp.swift */; };
		1B0000010000000000000002 /* App/AppState.swift in Sources */ = {isa = PBXBuildFile; fileRef = 1B0000010000000000000102 /* App/AppState.swift */; };
		1B0000010000000000000003 /* App/MainTabView.swift in Sources */ = {isa = PBXBuildFile; fileRef = 1B0000010000000000000103 /* App/MainTabView.swift */; };
		1B0000010000000000000004 /* Models/UserProfile.swift in Sources */ = {isa = PBXBuildFile; fileRef = 1B0000010000000000000104 /* Models/UserProfile.swift */; };
		1B0000010000000000000005 /* Models/WorkoutModels.swift in Sources */ = {isa = PBXBuildFile; fileRef = 1B0000010000000000000105 /* Models/WorkoutModels.swift */; };
		1B0000010000000000000006 /* Models/NutritionModels.swift in Sources */ = {isa = PBXBuildFile; fileRef = 1B0000010000000000000106 /* Models/NutritionModels.swift */; };
		1B0000010000000000000007 /* Models/DisciplineModels.swift in Sources */ = {isa = PBXBuildFile; fileRef = 1B0000010000000000000107 /* Models/DisciplineModels.swift */; };
		1B0000010000000000000008 /* Services/OnboardingCalculator.swift in Sources */ = {isa = PBXBuildFile; fileRef = 1B0000010000000000000108 /* Services/OnboardingCalculator.swift */; };
		1B0000010000000000000009 /* Services/RoutineGenerator.swift in Sources */ = {isa = PBXBuildFile; fileRef = 1B0000010000000000000109 /* Services/RoutineGenerator.swift */; };
		1B000001000000000000000A /* DesignSystem/Theme.swift in Sources */ = {isa = PBXBuildFile; fileRef = 1B000001000000000000010A /* DesignSystem/Theme.swift */; };
		1B000001000000000000000B /* DesignSystem/GlassCard.swift in Sources */ = {isa = PBXBuildFile; fileRef = 1B000001000000000000010B /* DesignSystem/GlassCard.swift */; };
		1B000001000000000000000C /* DesignSystem/RestTimerView.swift in Sources */ = {isa = PBXBuildFile; fileRef = 1B000001000000000000010C /* DesignSystem/RestTimerView.swift */; };
		1B000001000000000000000D /* Views/Onboarding/OnboardingFlowView.swift in Sources */ = {isa = PBXBuildFile; fileRef = 1B000001000000000000010D /* Views/Onboarding/OnboardingFlowView.swift */; };
		1B000001000000000000000E /* Views/Dashboard/DashboardView.swift in Sources */ = {isa = PBXBuildFile; fileRef = 1B000001000000000000010E /* Views/Dashboard/DashboardView.swift */; };
		1B000001000000000000000F /* Views/Workouts/WorkoutListView.swift in Sources */ = {isa = PBXBuildFile; fileRef = 1B000001000000000000010F /* Views/Workouts/WorkoutListView.swift */; };
		1B0000010000000000000010 /* Views/Workouts/ActiveWorkoutPlayerView.swift in Sources */ = {isa = PBXBuildFile; fileRef = 1B0000010000000000000110 /* Views/Workouts/ActiveWorkoutPlayerView.swift */; };
		1B0000010000000000000011 /* Views/Workouts/ExerciseDetailView.swift in Sources */ = {isa = PBXBuildFile; fileRef = 1B0000010000000000000111 /* Views/Workouts/ExerciseDetailView.swift */; };
		1B0000010000000000000012 /* Views/Nutrition/DietAndPortionView.swift in Sources */ = {isa = PBXBuildFile; fileRef = 1B0000010000000000000112 /* Views/Nutrition/DietAndPortionView.swift */; };
		1B0000010000000000000013 /* Views/Nutrition/SupplementHubView.swift in Sources */ = {isa = PBXBuildFile; fileRef = 1B0000010000000000000113 /* Views/Nutrition/SupplementHubView.swift */; };
		1B0000010000000000000014 /* Views/Analytics/AnalyticsView.swift in Sources */ = {isa = PBXBuildFile; fileRef = 1B0000010000000000000114 /* Views/Analytics/AnalyticsView.swift */; };
		1B0000010000000000000015 /* Resources/Assets.xcassets in Resources */ = {isa = PBXBuildFile; fileRef = 1B0000010000000000000115 /* Resources/Assets.xcassets */; };
		1B0000010000000000000016 /* Services/MealImageStorageService.swift in Sources */ = {isa = PBXBuildFile; fileRef = 1B0000010000000000000117 /* Services/MealImageStorageService.swift */; };
		1B0000010000000000000017 /* Services/SmartMealScannerService.swift in Sources */ = {isa = PBXBuildFile; fileRef = 1B0000010000000000000118 /* Services/SmartMealScannerService.swift */; };
		1B0000010000000000000018 /* Views/Nutrition/SmartMealScannerView.swift in Sources */ = {isa = PBXBuildFile; fileRef = 1B0000010000000000000119 /* Views/Nutrition/SmartMealScannerView.swift */; };
		1B0000010000000000000019 /* Views/Nutrition/QuickStaplesManagerView.swift in Sources */ = {isa = PBXBuildFile; fileRef = 1B000001000000000000011A /* Views/Nutrition/QuickStaplesManagerView.swift */; };
		1B000001000000000000001A /* Services/WorkoutAudioCoachService.swift in Sources */ = {isa = PBXBuildFile; fileRef = 1B000001000000000000011B /* Services/WorkoutAudioCoachService.swift */; };
		1B000001000000000000001B /* Views/Workouts/Components/ExerciseKinematicAnimationView.swift in Sources */ = {isa = PBXBuildFile; fileRef = 1B000001000000000000011C /* Views/Workouts/Components/ExerciseKinematicAnimationView.swift */; };
		1B000001000000000000001C /* Views/Workouts/Components/TargetMuscleMapVisualizer.swift in Sources */ = {isa = PBXBuildFile; fileRef = 1B000001000000000000011D /* Views/Workouts/Components/TargetMuscleMapVisualizer.swift */; };
		1B000001000000000000001D /* Services/ExerciseDemonstrationProvider.swift in Sources */ = {isa = PBXBuildFile; fileRef = 1B000001000000000000011E /* Services/ExerciseDemonstrationProvider.swift */; };
		1B000001000000000000001E /* Views/Workouts/Components/ExerciseDemonstrationView.swift in Sources */ = {isa = PBXBuildFile; fileRef = 1B000001000000000000011F /* Views/Workouts/Components/ExerciseDemonstrationView.swift */; };
/* End PBXBuildFile section */

/* Begin PBXFileReference section */
		1B0000010000000000000101 /* App/AscendApp.swift */ = {isa = PBXFileReference; lastKnownFileType = sourcecode.swift; path = App/AscendApp.swift; sourceTree = "<group>"; };
		1B0000010000000000000102 /* App/AppState.swift */ = {isa = PBXFileReference; lastKnownFileType = sourcecode.swift; path = App/AppState.swift; sourceTree = "<group>"; };
		1B0000010000000000000103 /* App/MainTabView.swift */ = {isa = PBXFileReference; lastKnownFileType = sourcecode.swift; path = App/MainTabView.swift; sourceTree = "<group>"; };
		1B0000010000000000000104 /* Models/UserProfile.swift */ = {isa = PBXFileReference; lastKnownFileType = sourcecode.swift; path = Models/UserProfile.swift; sourceTree = "<group>"; };
		1B0000010000000000000105 /* Models/WorkoutModels.swift */ = {isa = PBXFileReference; lastKnownFileType = sourcecode.swift; path = Models/WorkoutModels.swift; sourceTree = "<group>"; };
		1B0000010000000000000106 /* Models/NutritionModels.swift */ = {isa = PBXFileReference; lastKnownFileType = sourcecode.swift; path = Models/NutritionModels.swift; sourceTree = "<group>"; };
		1B0000010000000000000107 /* Models/DisciplineModels.swift */ = {isa = PBXFileReference; lastKnownFileType = sourcecode.swift; path = Models/DisciplineModels.swift; sourceTree = "<group>"; };
		1B0000010000000000000108 /* Services/OnboardingCalculator.swift */ = {isa = PBXFileReference; lastKnownFileType = sourcecode.swift; path = Services/OnboardingCalculator.swift; sourceTree = "<group>"; };
		1B0000010000000000000109 /* Services/RoutineGenerator.swift */ = {isa = PBXFileReference; lastKnownFileType = sourcecode.swift; path = Services/RoutineGenerator.swift; sourceTree = "<group>"; };
		1B000001000000000000010A /* DesignSystem/Theme.swift */ = {isa = PBXFileReference; lastKnownFileType = sourcecode.swift; path = DesignSystem/Theme.swift; sourceTree = "<group>"; };
		1B000001000000000000010B /* DesignSystem/GlassCard.swift */ = {isa = PBXFileReference; lastKnownFileType = sourcecode.swift; path = DesignSystem/GlassCard.swift; sourceTree = "<group>"; };
		1B000001000000000000010C /* DesignSystem/RestTimerView.swift */ = {isa = PBXFileReference; lastKnownFileType = sourcecode.swift; path = DesignSystem/RestTimerView.swift; sourceTree = "<group>"; };
		1B000001000000000000010D /* Views/Onboarding/OnboardingFlowView.swift */ = {isa = PBXFileReference; lastKnownFileType = sourcecode.swift; path = Views/Onboarding/OnboardingFlowView.swift; sourceTree = "<group>"; };
		1B000001000000000000010E /* Views/Dashboard/DashboardView.swift */ = {isa = PBXFileReference; lastKnownFileType = sourcecode.swift; path = Views/Dashboard/DashboardView.swift; sourceTree = "<group>"; };
		1B000001000000000000010F /* Views/Workouts/WorkoutListView.swift */ = {isa = PBXFileReference; lastKnownFileType = sourcecode.swift; path = Views/Workouts/WorkoutListView.swift; sourceTree = "<group>"; };
		1B0000010000000000000110 /* Views/Workouts/ActiveWorkoutPlayerView.swift */ = {isa = PBXFileReference; lastKnownFileType = sourcecode.swift; path = Views/Workouts/ActiveWorkoutPlayerView.swift; sourceTree = "<group>"; };
		1B0000010000000000000111 /* Views/Workouts/ExerciseDetailView.swift */ = {isa = PBXFileReference; lastKnownFileType = sourcecode.swift; path = Views/Workouts/ExerciseDetailView.swift; sourceTree = "<group>"; };
		1B0000010000000000000112 /* Views/Nutrition/DietAndPortionView.swift */ = {isa = PBXFileReference; lastKnownFileType = sourcecode.swift; path = Views/Nutrition/DietAndPortionView.swift; sourceTree = "<group>"; };
		1B0000010000000000000113 /* Views/Nutrition/SupplementHubView.swift */ = {isa = PBXFileReference; lastKnownFileType = sourcecode.swift; path = Views/Nutrition/SupplementHubView.swift; sourceTree = "<group>"; };
		1B0000010000000000000114 /* Views/Analytics/AnalyticsView.swift */ = {isa = PBXFileReference; lastKnownFileType = sourcecode.swift; path = Views/Analytics/AnalyticsView.swift; sourceTree = "<group>"; };
		1B0000010000000000000115 /* Resources/Assets.xcassets */ = {isa = PBXFileReference; lastKnownFileType = folder.assetcatalog; path = Resources/Assets.xcassets; sourceTree = "<group>"; };
		1B0000010000000000000116 /* Resources/Info.plist */ = {isa = PBXFileReference; lastKnownFileType = text.plist.xml; path = Resources/Info.plist; sourceTree = "<group>"; };
		1B0000010000000000000117 /* Services/MealImageStorageService.swift */ = {isa = PBXFileReference; lastKnownFileType = sourcecode.swift; path = Services/MealImageStorageService.swift; sourceTree = "<group>"; };
		1B0000010000000000000118 /* Services/SmartMealScannerService.swift */ = {isa = PBXFileReference; lastKnownFileType = sourcecode.swift; path = Services/SmartMealScannerService.swift; sourceTree = "<group>"; };
		1B0000010000000000000119 /* Views/Nutrition/SmartMealScannerView.swift */ = {isa = PBXFileReference; lastKnownFileType = sourcecode.swift; path = Views/Nutrition/SmartMealScannerView.swift; sourceTree = "<group>"; };
		1B000001000000000000011A /* Views/Nutrition/QuickStaplesManagerView.swift */ = {isa = PBXFileReference; lastKnownFileType = sourcecode.swift; path = Views/Nutrition/QuickStaplesManagerView.swift; sourceTree = "<group>"; };
		1B000001000000000000011B /* Services/WorkoutAudioCoachService.swift */ = {isa = PBXFileReference; lastKnownFileType = sourcecode.swift; path = Services/WorkoutAudioCoachService.swift; sourceTree = "<group>"; };
		1B000001000000000000011C /* Views/Workouts/Components/ExerciseKinematicAnimationView.swift */ = {isa = PBXFileReference; lastKnownFileType = sourcecode.swift; path = Views/Workouts/Components/ExerciseKinematicAnimationView.swift; sourceTree = "<group>"; };
		1B000001000000000000011D /* Views/Workouts/Components/TargetMuscleMapVisualizer.swift */ = {isa = PBXFileReference; lastKnownFileType = sourcecode.swift; path = Views/Workouts/Components/TargetMuscleMapVisualizer.swift; sourceTree = "<group>"; };
		1B000001000000000000011E /* Services/ExerciseDemonstrationProvider.swift */ = {isa = PBXFileReference; lastKnownFileType = sourcecode.swift; path = Services/ExerciseDemonstrationProvider.swift; sourceTree = "<group>"; };
		1B000001000000000000011F /* Views/Workouts/Components/ExerciseDemonstrationView.swift */ = {isa = PBXFileReference; lastKnownFileType = sourcecode.swift; path = Views/Workouts/Components/ExerciseDemonstrationView.swift; sourceTree = "<group>"; };
		1B00000100000000000001FF /* Ascend.app */ = {isa = PBXFileReference; explicitFileType = wrapper.application; includeInIndex = 0; path = Ascend.app; sourceTree = BUILT_PRODUCTS_DIR; };
/* End PBXFileReference section */

/* Begin PBXFrameworksBuildPhase section */
		1B0000010000000000000201 /* Frameworks */ = {
			isa = PBXFrameworksBuildPhase;
			buildActionMask = 2147483647;
			files = (
			);
			runOnlyForDeploymentPostprocessing = 0;
		};
/* End PBXFrameworksBuildPhase section */

/* Begin PBXGroup section */
		1B0000010000000000000301 = {
			isa = PBXGroup;
			children = (
				1B0000010000000000000302 /* Ascend */,
				1B0000010000000000000303 /* Products */,
			);
			sourceTree = "<group>";
		};
		1B0000010000000000000302 /* Ascend */ = {
			isa = PBXGroup;
			children = (
				1B0000010000000000000101 /* App/AscendApp.swift */,
				1B0000010000000000000102 /* App/AppState.swift */,
				1B0000010000000000000103 /* App/MainTabView.swift */,
				1B0000010000000000000104 /* Models/UserProfile.swift */,
				1B0000010000000000000105 /* Models/WorkoutModels.swift */,
				1B0000010000000000000106 /* Models/NutritionModels.swift */,
				1B0000010000000000000107 /* Models/DisciplineModels.swift */,
				1B0000010000000000000108 /* Services/OnboardingCalculator.swift */,
				1B0000010000000000000109 /* Services/RoutineGenerator.swift */,
				1B000001000000000000010A /* DesignSystem/Theme.swift */,
				1B000001000000000000010B /* DesignSystem/GlassCard.swift */,
				1B000001000000000000010C /* DesignSystem/RestTimerView.swift */,
				1B000001000000000000010D /* Views/Onboarding/OnboardingFlowView.swift */,
				1B000001000000000000010E /* Views/Dashboard/DashboardView.swift */,
				1B000001000000000000010F /* Views/Workouts/WorkoutListView.swift */,
				1B0000010000000000000110 /* Views/Workouts/ActiveWorkoutPlayerView.swift */,
				1B0000010000000000000111 /* Views/Workouts/ExerciseDetailView.swift */,
				1B0000010000000000000112 /* Views/Nutrition/DietAndPortionView.swift */,
				1B0000010000000000000113 /* Views/Nutrition/SupplementHubView.swift */,
				1B0000010000000000000114 /* Views/Analytics/AnalyticsView.swift */,
				1B0000010000000000000115 /* Resources/Assets.xcassets */,
				1B0000010000000000000116 /* Resources/Info.plist */,
				1B0000010000000000000117 /* Services/MealImageStorageService.swift */,
				1B0000010000000000000118 /* Services/SmartMealScannerService.swift */,
				1B0000010000000000000119 /* Views/Nutrition/SmartMealScannerView.swift */,
				1B000001000000000000011A /* Views/Nutrition/QuickStaplesManagerView.swift */,
				1B000001000000000000011B /* Services/WorkoutAudioCoachService.swift */,
				1B000001000000000000011C /* Views/Workouts/Components/ExerciseKinematicAnimationView.swift */,
				1B000001000000000000011D /* Views/Workouts/Components/TargetMuscleMapVisualizer.swift */,
				1B000001000000000000011E /* Services/ExerciseDemonstrationProvider.swift */,
				1B000001000000000000011F /* Views/Workouts/Components/ExerciseDemonstrationView.swift */,
			);
			path = Ascend;
			sourceTree = "<group>";
		};
		1B0000010000000000000303 /* Products */ = {
			isa = PBXGroup;
			children = (
				1B00000100000000000001FF /* Ascend.app */,
			);
			name = Products;
			sourceTree = "<group>";
		};
/* End PBXGroup section */

/* Begin PBXNativeTarget section */
		1B0000010000000000000401 /* Ascend */ = {
			isa = PBXNativeTarget;
			buildConfigurationList = 1B0000010000000000000501 /* Build configuration list for PBXNativeTarget "Ascend" */;
			buildPhases = (
				1B0000010000000000000601 /* Sources */,
				1B0000010000000000000201 /* Frameworks */,
				1B0000010000000000000602 /* Resources */,
			);
			buildRules = (
			);
			dependencies = (
			);
			name = Ascend;
			productName = Ascend;
			productReference = 1B00000100000000000001FF /* Ascend.app */;
			productType = "com.apple.product-type.application";
		};
/* End PBXNativeTarget section */

/* Begin PBXProject section */
		1B0000010000000000000701 /* Project object */ = {
			isa = PBXProject;
			attributes = {
				BuildIndependentTargetsInParallel = 1;
				LastSwiftUpdateCheck = 1600;
				LastUpgradeCheck = 1600;
				TargetAttributes = {
					1B0000010000000000000401 = {
						CreatedOnToolsVersion = 16.0;
					};
				};
			};
			buildConfigurationList = 1B0000010000000000000502 /* Build configuration list for PBXProject "Ascend" */;
			compatibilityVersion = "Xcode 14.0";
			developmentRegion = en;
			hasScannedForEncodings = 0;
			knownRegions = (
				en,
				Base,
			);
			mainGroup = 1B0000010000000000000301;
			productRefGroup = 1B0000010000000000000303 /* Products */;
			projectDirPath = "";
			projectRoot = "";
			targets = (
				1B0000010000000000000401 /* Ascend */,
			);
		};
/* End PBXProject section */

/* Begin PBXResourcesBuildPhase section */
		1B0000010000000000000602 /* Resources */ = {
			isa = PBXResourcesBuildPhase;
			buildActionMask = 2147483647;
			files = (
				1B0000010000000000000015 /* Resources/Assets.xcassets in Resources */,
			);
			runOnlyForDeploymentPostprocessing = 0;
		};
/* End PBXResourcesBuildPhase section */

/* Begin PBXSourcesBuildPhase section */
		1B0000010000000000000601 /* Sources */ = {
			isa = PBXSourcesBuildPhase;
			buildActionMask = 2147483647;
			files = (
				1B0000010000000000000001 /* App/AscendApp.swift in Sources */,
				1B0000010000000000000002 /* App/AppState.swift in Sources */,
				1B0000010000000000000003 /* App/MainTabView.swift in Sources */,
				1B0000010000000000000004 /* Models/UserProfile.swift in Sources */,
				1B0000010000000000000005 /* Models/WorkoutModels.swift in Sources */,
				1B0000010000000000000006 /* Models/NutritionModels.swift in Sources */,
				1B0000010000000000000007 /* Models/DisciplineModels.swift in Sources */,
				1B0000010000000000000008 /* Services/OnboardingCalculator.swift in Sources */,
				1B0000010000000000000009 /* Services/RoutineGenerator.swift in Sources */,
				1B000001000000000000000A /* DesignSystem/Theme.swift in Sources */,
				1B000001000000000000000B /* DesignSystem/GlassCard.swift in Sources */,
				1B000001000000000000000C /* DesignSystem/RestTimerView.swift in Sources */,
				1B000001000000000000000D /* Views/Onboarding/OnboardingFlowView.swift in Sources */,
				1B000001000000000000000E /* Views/Dashboard/DashboardView.swift in Sources */,
				1B000001000000000000000F /* Views/Workouts/WorkoutListView.swift in Sources */,
				1B0000010000000000000010 /* Views/Workouts/ActiveWorkoutPlayerView.swift in Sources */,
				1B0000010000000000000011 /* Views/Workouts/ExerciseDetailView.swift in Sources */,
				1B0000010000000000000012 /* Views/Nutrition/DietAndPortionView.swift in Sources */,
				1B0000010000000000000013 /* Views/Nutrition/SupplementHubView.swift in Sources */,
				1B0000010000000000000014 /* Views/Analytics/AnalyticsView.swift in Sources */,
				1B0000010000000000000016 /* Services/MealImageStorageService.swift in Sources */,
				1B0000010000000000000017 /* Services/SmartMealScannerService.swift in Sources */,
				1B0000010000000000000018 /* Views/Nutrition/SmartMealScannerView.swift in Sources */,
				1B0000010000000000000019 /* Views/Nutrition/QuickStaplesManagerView.swift in Sources */,
				1B000001000000000000001A /* Services/WorkoutAudioCoachService.swift in Sources */,
				1B000001000000000000001B /* Views/Workouts/Components/ExerciseKinematicAnimationView.swift in Sources */,
				1B000001000000000000001C /* Views/Workouts/Components/TargetMuscleMapVisualizer.swift in Sources */,
				1B000001000000000000001D /* Services/ExerciseDemonstrationProvider.swift in Sources */,
				1B000001000000000000001E /* Views/Workouts/Components/ExerciseDemonstrationView.swift in Sources */,
			);
			runOnlyForDeploymentPostprocessing = 0;
		};
/* End PBXSourcesBuildPhase section */

/* Begin XCBuildConfiguration section */
		1B0000010000000000000801 /* Debug */ = {
			isa = XCBuildConfiguration;
			buildSettings = {
				ALWAYS_SEARCH_USER_PATHS = NO;
				CLANG_ANALYZER_NONNULL = YES;
				CLANG_ANALYZER_NUMBER_OBJECT_CONVERSION = YES_AGGRESSIVE;
				CLANG_CXX_LANGUAGE_STANDARD = "gnu++20";
				CLANG_ENABLE_MODULES = YES;
				CLANG_ENABLE_OBJC_ARC = YES;
				CLANG_ENABLE_OBJC_WEAK = YES;
				CLANG_WARN_BLOCK_CAPTURE_AUTORELEASING = YES;
				CLANG_WARN_BOOL_CONVERSION = YES;
				CLANG_WARN_COMMA = YES;
				CLANG_WARN_CONSTANT_CONVERSION = YES;
				CLANG_WARN_DEPRECATED_OBJC_IMPLEMENTATIONS = YES;
				CLANG_WARN_DIRECT_OBJC_ISA_USAGE = YES_YES;
				CLANG_WARN_DOCUMENTATION_COMMENTS = YES;
				CLANG_WARN_EMPTY_BODY = YES;
				CLANG_WARN_ENUM_CONVERSION = YES;
				CLANG_WARN_INFINITE_RECURSION = YES;
				CLANG_WARN_INT_CONVERSION = YES;
				CLANG_WARN_NON_LITERAL_NULL_CONVERSION = YES;
				CLANG_WARN_OBJC_IMPLICIT_RETAIN_SELF = YES;
				CLANG_WARN_OBJC_LITERAL_CONVERSION = YES;
				CLANG_WARN_OBJC_ROOT_CLASS = YES_ERROR;
				CLANG_WARN_QUOTED_INCLUDE_IN_FRAMEWORK_HEADER = YES;
				CLANG_WARN_RANGE_LOOP_ANALYSIS = YES;
				CLANG_WARN_STRICT_PROTOTYPES = YES;
				CLANG_WARN_SUSPICIOUS_MOVE = YES;
				CLANG_WARN_UNGUARDED_AVAILABILITY = YES_AGGRESSIVE;
				CLANG_WARN_UNREACHABLE_CODE = YES;
				CLANG_WARN__DUPLICATE_METHOD_MATCH = YES;
				COPY_PHASE_STRIP = NO;
				DEBUG_INFORMATION_FORMAT = dwarf;
				ENABLE_STRICT_OBJC_MSGSEND = YES;
				ENABLE_TESTABILITY = YES;
				GCC_C_LANGUAGE_STANDARD = gnu11;
				GCC_DYNAMIC_NO_PIC = NO;
				GCC_NO_COMMON_BLOCKS = YES;
				GCC_OPTIMIZATION_LEVEL = 0;
				GCC_PREPROCESSOR_DEFINITIONS = (
					"DEBUG=1",
					"$(inherited)",
				);
				GCC_WARN_64_TO_32_BIT_CONVERSION = YES;
				GCC_WARN_ABOUT_RETURN_TYPE = YES_ERROR;
				GCC_WARN_UNDECLARED_SELECTOR = YES;
				GCC_WARN_UNINITIALIZED_AUTOS = YES_AGGRESSIVE;
				GCC_WARN_UNUSED_FUNCTION = YES;
				GCC_WARN_UNUSED_VARIABLE = YES;
				IPHONEOS_DEPLOYMENT_TARGET = 17.0;
				MTL_ENABLE_DEBUG_INFO = INCLUDE_SOURCE;
				MTL_FAST_MATH = YES;
				ONLY_ACTIVE_ARCH = YES;
				SDKROOT = iphoneos;
				SWIFT_ACTIVE_COMPILATION_CONDITIONS = "DEBUG $(inherited)";
				SWIFT_OPTIMIZATION_LEVEL = "-Onone";
			};
			name = Debug;
		};
		1B0000010000000000000802 /* Release */ = {
			isa = XCBuildConfiguration;
			buildSettings = {
				ALWAYS_SEARCH_USER_PATHS = NO;
				CLANG_ANALYZER_NONNULL = YES;
				CLANG_ANALYZER_NUMBER_OBJECT_CONVERSION = YES_AGGRESSIVE;
				CLANG_CXX_LANGUAGE_STANDARD = "gnu++20";
				CLANG_ENABLE_MODULES = YES;
				CLANG_ENABLE_OBJC_ARC = YES;
				CLANG_ENABLE_OBJC_WEAK = YES;
				CLANG_WARN_BLOCK_CAPTURE_AUTORELEASING = YES;
				CLANG_WARN_BOOL_CONVERSION = YES;
				CLANG_WARN_COMMA = YES;
				CLANG_WARN_CONSTANT_CONVERSION = YES;
				CLANG_WARN_DEPRECATED_OBJC_IMPLEMENTATIONS = YES;
				CLANG_WARN_DIRECT_OBJC_ISA_USAGE = YES_YES;
				CLANG_WARN_DOCUMENTATION_COMMENTS = YES;
				CLANG_WARN_EMPTY_BODY = YES;
				CLANG_WARN_ENUM_CONVERSION = YES;
				CLANG_WARN_INFINITE_RECURSION = YES;
				CLANG_WARN_INT_CONVERSION = YES;
				CLANG_WARN_NON_LITERAL_NULL_CONVERSION = YES;
				CLANG_WARN_OBJC_IMPLICIT_RETAIN_SELF = YES;
				CLANG_WARN_OBJC_LITERAL_CONVERSION = YES;
				CLANG_WARN_OBJC_ROOT_CLASS = YES_ERROR;
				CLANG_WARN_QUOTED_INCLUDE_IN_FRAMEWORK_HEADER = YES;
				CLANG_WARN_RANGE_LOOP_ANALYSIS = YES;
				CLANG_WARN_STRICT_PROTOTYPES = YES;
				CLANG_WARN_SUSPICIOUS_MOVE = YES;
				CLANG_WARN_UNGUARDED_AVAILABILITY = YES_AGGRESSIVE;
				CLANG_WARN_UNREACHABLE_CODE = YES;
				CLANG_WARN__DUPLICATE_METHOD_MATCH = YES;
				COPY_PHASE_STRIP = NO;
				DEBUG_INFORMATION_FORMAT = "dwarf-with-dsym";
				ENABLE_NS_ASSERTIONS = NO;
				ENABLE_STRICT_OBJC_MSGSEND = YES;
				GCC_C_LANGUAGE_STANDARD = gnu11;
				GCC_NO_COMMON_BLOCKS = YES;
				GCC_WARN_64_TO_32_BIT_CONVERSION = YES;
				GCC_WARN_ABOUT_RETURN_TYPE = YES_ERROR;
				GCC_WARN_UNDECLARED_SELECTOR = YES;
				GCC_WARN_UNINITIALIZED_AUTOS = YES_AGGRESSIVE;
				GCC_WARN_UNUSED_FUNCTION = YES;
				GCC_WARN_UNUSED_VARIABLE = YES;
				IPHONEOS_DEPLOYMENT_TARGET = 17.0;
				MTL_ENABLE_DEBUG_INFO = NO;
				MTL_FAST_MATH = YES;
				SDKROOT = iphoneos;
				SWIFT_COMPILATION_MODE = wholemodule;
				VALIDATE_PRODUCT = YES;
			};
			name = Release;
		};
		1B0000010000000000000803 /* Debug */ = {
			isa = XCBuildConfiguration;
			buildSettings = {
				ASSETCATALOG_COMPILER_APPICON_NAME = AppIcon;
				ASSETCATALOG_COMPILER_GLOBAL_ACCENT_COLOR_NAME = AccentColor;
				CODE_SIGN_IDENTITY = "Apple Development";
				CODE_SIGN_STYLE = Automatic;
				CURRENT_PROJECT_VERSION = 1;
				DEVELOPMENT_TEAM = VYG2MUU3BS;
				GENERATE_INFOPLIST_FILE = NO;
				INFOPLIST_FILE = Ascend/Resources/Info.plist;
				INFOPLIST_KEY_UIApplicationSupportsIndirectInputEvents = YES;
				IPHONEOS_DEPLOYMENT_TARGET = 17.0;
				LD_RUNPATH_SEARCH_PATHS = (
					"$(inherited)",
					"@executable_path/Frameworks",
				);
				MARKETING_VERSION = 1.0;
				PRODUCT_BUNDLE_IDENTIFIER = com.gauravthapa.Ascend;
				PRODUCT_NAME = "$(TARGET_NAME)";
				PROVISIONING_PROFILE_SPECIFIER = "";
				SUPPORTED_PLATFORMS = "iphoneos iphonesimulator";
				SWIFT_EMIT_LOC_STRINGS = YES;
				SWIFT_VERSION = 5.0;
				TARGETED_DEVICE_FAMILY = "1,2";
			};
			name = Debug;
		};
		1B0000010000000000000804 /* Release */ = {
			isa = XCBuildConfiguration;
			buildSettings = {
				ASSETCATALOG_COMPILER_APPICON_NAME = AppIcon;
				ASSETCATALOG_COMPILER_GLOBAL_ACCENT_COLOR_NAME = AccentColor;
				CODE_SIGN_IDENTITY = "Apple Development";
				CODE_SIGN_STYLE = Automatic;
				CURRENT_PROJECT_VERSION = 1;
				DEVELOPMENT_TEAM = VYG2MUU3BS;
				GENERATE_INFOPLIST_FILE = NO;
				INFOPLIST_FILE = Ascend/Resources/Info.plist;
				INFOPLIST_KEY_UIApplicationSupportsIndirectInputEvents = YES;
				IPHONEOS_DEPLOYMENT_TARGET = 17.0;
				LD_RUNPATH_SEARCH_PATHS = (
					"$(inherited)",
					"@executable_path/Frameworks",
				);
				MARKETING_VERSION = 1.0;
				PRODUCT_BUNDLE_IDENTIFIER = com.gauravthapa.Ascend;
				PRODUCT_NAME = "$(TARGET_NAME)";
				PROVISIONING_PROFILE_SPECIFIER = "";
				SUPPORTED_PLATFORMS = "iphoneos iphonesimulator";
				SWIFT_EMIT_LOC_STRINGS = YES;
				SWIFT_VERSION = 5.0;
				TARGETED_DEVICE_FAMILY = "1,2";
			};
			name = Release;
		};
/* End XCBuildConfiguration section */

/* Begin XCConfigurationList section */
		1B0000010000000000000501 /* Build configuration list for PBXNativeTarget "Ascend" */ = {
			isa = XCConfigurationList;
			buildConfigurations = (
				1B0000010000000000000803 /* Debug */,
				1B0000010000000000000804 /* Release */,
			);
			defaultConfigurationIsVisible = 0;
			defaultConfigurationName = Release;
		};
		1B0000010000000000000502 /* Build configuration list for PBXProject "Ascend" */ = {
			isa = XCConfigurationList;
			buildConfigurations = (
				1B0000010000000000000801 /* Debug */,
				1B0000010000000000000802 /* Release */,
			);
			defaultConfigurationIsVisible = 0;
			defaultConfigurationName = Release;
		};
/* End XCConfigurationList section */
	};
	rootObject = 1B0000010000000000000701 /* Project object */;
}
